
Microsoft Visual Studio Solution File, Format Version 15.00
# Visual Studio 2017
Project("{FAE04EC0-301F-11D3-BF4B-00C04F79EFBC}") = "cloud-native-dotnet", "cloud-native-dotnet.csproj", "{8E4AFC05-8544-4A00-BF5D-6EF9E0B8C650}"
EndProject
Global
	GlobalSection(SolutionConfigurationPlatforms) = preSolution
		Debug|Any CPU = Debug|Any CPU
		Release|Any CPU = Release|Any CPU
	EndGlobalSection
	GlobalSection(ProjectConfigurationPlatforms) = postSolution
		{8E4AFC05-8544-4A00-BF5D-6EF9E0B8C650}.Debug|Any CPU.ActiveCfg = Debug|Any CPU
		{8E4AFC05-8544-4A00-BF5D-6EF9E0B8C650}.Debug|Any CPU.Build.0 = Debug|Any CPU
		{8E4AFC05-8544-4A00-BF5D-6EF9E0B8C650}.Release|Any CPU.ActiveCfg = Release|Any CPU
		{8E4AFC05-8544-4A00-BF5D-6EF9E0B8C650}.Release|Any CPU.Build.0 = Release|Any CPU
	EndGlobalSection
EndGlobal
